
Microsoft Visual Studio Solution File, Format Version 12.00
# Visual Studio 15
VisualStudioVersion = 15.0.27428.2027
MinimumVisualStudioVersion = 10.0.40219.1
Project("{FAE04EC0-301F-11D3-BF4B-00C04F79EFBC}") = "WebServisVeriListeleme", "WebServisVeriListeleme\WebServisVeriListeleme.csproj", "{78D59710-AFE8-44A7-AA06-847056DD5BD8}"
EndProject
Global
	GlobalSection(SolutionConfigurationPlatforms) = preSolution
		Debug|Any CPU = Debug|Any CPU
		Release|Any CPU = Release|Any CPU
	EndGlobalSection
	GlobalSection(ProjectConfigurationPlatforms) = postSolution
		{78D59710-AFE8-44A7-AA06-847056DD5BD8}.Debug|Any CPU.ActiveCfg = Debug|Any CPU
		{78D59710-AFE8-44A7-AA06-847056DD5BD8}.Debug|Any CPU.Build.0 = Debug|Any CPU
		{78D59710-AFE8-44A7-AA06-847056DD5BD8}.Release|Any CPU.ActiveCfg = Release|Any CPU
		{78D59710-AFE8-44A7-AA06-847056DD5BD8}.Release|Any CPU.Build.0 = Release|Any CPU
	EndGlobalSection
	GlobalSection(SolutionProperties) = preSolution
		HideSolutionNode = FALSE
	EndGlobalSection
	GlobalSection(ExtensibilityGlobals) = postSolution
		SolutionGuid = {8C872AF3-EC13-491A-8B97-08795CD721DE}
	EndGlobalSection
EndGlobal
